PackratFormat: 1.4
PackratVersion: 0.4.7.1
RVersion: 3.2.2
Repos: BioCsoft=https://bioconductor.org/packages/3.2/bioc,
    BioCann=https://bioconductor.org/packages/3.2/data/annotation,
    BioCexp=https://bioconductor.org/packages/3.2/data/experiment,
    BioCextra=https://bioconductor.org/packages/3.2/extra,
    CRAN=https://cran.rstudio.com/,
    CRANextra=http://www.stats.ox.ac.uk/pub/RWin

Package: Rcpp
Source: CRAN
Version: 0.12.5
Hash: 625a95cb4ef523a77ad02e140b715db6

Package: brew
Source: CRAN
Version: 1.0-6
Hash: 931f9972deae0f205e1c78a51f33149b

Package: digest
Source: CRAN
Version: 0.6.9
Hash: fd55d5a024f160fc001a5ece1e27782d

Package: formatR
Source: CRAN
Version: 1.4
Hash: b2a47a2b91737978cf50ba95825a9cd1

Package: highr
Source: CRAN
Version: 0.6
Hash: aa3d5b7912b5fed4b546ed5cd2a1760b

Package: magrittr
Source: CRAN
Version: 1.5
Hash: bdc4d48c3135e8f3b399536ddf160df4

Package: mime
Source: CRAN
Version: 0.4
Hash: b08c52dae92a0a11e64a4deea032ec33

Package: packrat
Source: CRAN
Version: 0.4.7-1
Hash: 16ca16d36eb18d1d16113606ecc5c400

Package: png
Source: CRAN
Version: 0.1-7
Hash: 421d7d6e0fb4bd885ecbd909b6456b8b

Package: rJava
Source: CRAN
Version: 0.9-8
Hash: 3e8627a2a5bd45c9bad6112acfc231d9

Package: stringi
Source: CRAN
Version: 1.1.1
Hash: 48f2afc5dfecb65ba32a87d38b3533ff

Package: stringr
Source: CRAN
Version: 1.0.0
Hash: 2676dd5f88890910962b733b0f9540e1
Requires: magrittr, stringi

Package: tabulizer
Source: github
Version: 0.1.21
Hash: 7be74a21ebceafa850482d8837aaefc8
Requires: png, rJava, tabulizerjars
GithubRepo: tabulizer
GithubUsername: leeper
GithubRef: master
GithubSha1: 259f5ed54e2b9bce96bfddc952cefed9e70612bf

Package: tabulizerjars
Source: github
Version: 0.1.2
Hash: f6f8172f3eef749b509a180cb6fda4e9
Requires: rJava
GithubRepo: tabulizerjars
GithubUsername: leeper
GithubRef: master
GithubSha1: 627c0aa9800f10bc4d93bc559d6e2ecd5ee6534d
